// !$*UTF8*$!
{
	archiveVersion = 1;
	classes = {
	};
	objectVersion = 56;
	objects = {

/* Begin PBXCopyFilesBuildPhase section */
		131521682B45073700668CA0 /* CopyFiles */ = {
			isa = PBXCopyFilesBuildPhase;
			buildActionMask = 2147483647;
			dstPath = /usr/share/man/man1/;
			dstSubfolderSpec = 0;
			files = (
			);
			runOnlyForDeploymentPostprocessing = 1;
		};
/* End PBXCopyFilesBuildPhase section */

/* Begin PBXFileReference section */
		1315216A2B45073700668CA0 /* minu */ = {isa = PBXFileReference; explicitFileType = "compiled.mach-o.executable"; includeInIndex = 0; path = minu; sourceTree = BUILT_PRODUCTS_DIR; };
		134C88C12B56F1FB00D27628 /* main.swift */ = {isa = PBXFileReference; lastKnownFileType = sourcecode.swift; path = main.swift; sourceTree = "<group>"; };
		135D1ECB2B46F6B8006DA069 /* main.swift */ = {isa = PBXFileReference; lastKnownFileType = sourcecode.swift; path = main.swift; sourceTree = "<group>"; };
		13A189E22B5963B8001B248D /* mian.swift */ = {isa = PBXFileReference; lastKnownFileType = sourcecode.swift; name = mian.swift; path = minu/week1/class/739.DailyTemperatures/mian.swift; sourceTree = SOURCE_ROOT; };
		13C420D92B51220F0089D138 /* main.swift */ = {isa = PBXFileReference; lastKnownFileType = sourcecode.swift; path = main.swift; sourceTree = "<group>"; };
		13CB5FD12B4CFB9E00767FEA /* main.swift */ = {isa = PBXFileReference; lastKnownFileType = sourcecode.swift; path = main.swift; sourceTree = "<group>"; };
		13CB5FD32B4CFB9E00767FEA /* main.swift */ = {isa = PBXFileReference; lastKnownFileType = sourcecode.swift; path = main.swift; sourceTree = "<group>"; };
		13CB5FD52B4CFBAA00767FEA /* mian.swift */ = {isa = PBXFileReference; lastKnownFileType = sourcecode.swift; path = mian.swift; sourceTree = "<group>"; };
		13DC65C52B63FB36003D1F70 /* main.swift */ = {isa = PBXFileReference; lastKnownFileType = sourcecode.swift; path = main.swift; sourceTree = "<group>"; };
		13DC65C72B63FB36003D1F70 /* main.swift */ = {isa = PBXFileReference; lastKnownFileType = sourcecode.swift; path = main.swift; sourceTree = "<group>"; };
		13DC65C92B63FB37003D1F70 /* main.swift */ = {isa = PBXFileReference; lastKnownFileType = sourcecode.swift; path = main.swift; sourceTree = "<group>"; };
		13E436702B5BFEAA00760AAD /* main.swift */ = {isa = PBXFileReference; lastKnownFileType = sourcecode.swift; path = main.swift; sourceTree = "<group>"; };
/* End PBXFileReference section */

/* Begin PBXFrameworksBuildPhase section */
		131521672B45073700668CA0 /* Frameworks */ = {
			isa = PBXFrameworksBuildPhase;
			buildActionMask = 2147483647;
			files = (
			);
			runOnlyForDeploymentPostprocessing = 0;
		};
/* End PBXFrameworksBuildPhase section */

/* Begin PBXGroup section */
		131521612B45073700668CA0 = {
			isa = PBXGroup;
			children = (
				1315216C2B45073700668CA0 /* minu */,
				1315216B2B45073700668CA0 /* Products */,
			);
			sourceTree = "<group>";
		};
		1315216B2B45073700668CA0 /* Products */ = {
			isa = PBXGroup;
			children = (
				1315216A2B45073700668CA0 /* minu */,
			);
			name = Products;
			sourceTree = "<group>";
		};
		1315216C2B45073700668CA0 /* minu */ = {
			isa = PBXGroup;
			children = (
				135D1EBF2B46EE53006DA069 /* week1 */,
				13C420D82B51208A0089D138 /* week2 */,
				134C88BF2B56F1FB00D27628 /* week3 */,
				13DC65C32B63FB04003D1F70 /* week4 */,
			);
			path = minu;
			sourceTree = "<group>";
		};
		134C88BF2B56F1FB00D27628 /* week3 */ = {
			isa = PBXGroup;
			children = (
				13E4366F2B5BFEAA00760AAD /* 70.CilmbingStairs */,
				134C88C02B56F1FB00D27628 /* 완주하지못한선수 */,
			);
			path = week3;
			sourceTree = "<group>";
		};
		134C88C02B56F1FB00D27628 /* 완주하지못한선수 */ = {
			isa = PBXGroup;
			children = (
				134C88C12B56F1FB00D27628 /* main.swift */,
			);
			path = "완주하지못한선수";
			sourceTree = "<group>";
		};
		135D1EBF2B46EE53006DA069 /* week1 */ = {
			isa = PBXGroup;
			children = (
				13CB5FD22B4CFB9E00767FEA /* class */,
				135D1ECE2B4B8555006DA069 /* homework */,
			);
			path = week1;
			sourceTree = "<group>";
		};
		135D1ECE2B4B8555006DA069 /* homework */ = {
			isa = PBXGroup;
			children = (
				13D2C37F2B56DE0400E3D3B5 /* 투포인트 */,
				13D2C37E2B56DDDB00E3D3B5 /* 42.빗물트래핑 */,
			);
			path = homework;
			sourceTree = "<group>";
		};
		13C420D82B51208A0089D138 /* week2 */ = {
			isa = PBXGroup;
			children = (
				13C420DA2B5122710089D138 /* 104.MaximumDepthofBinaryTree */,
			);
			path = week2;
			sourceTree = "<group>";
		};
		13C420DA2B5122710089D138 /* 104.MaximumDepthofBinaryTree */ = {
			isa = PBXGroup;
			children = (
				13C420D92B51220F0089D138 /* main.swift */,
			);
			path = 104.MaximumDepthofBinaryTree;
			sourceTree = "<group>";
		};
		13CB5FD22B4CFB9E00767FEA /* class */ = {
			isa = PBXGroup;
			children = (
				13D2C3802B56DEC700E3D3B5 /* BrowserHistory */,
				13D2C3812B56DED200E3D3B5 /* 20.ValidParentheses */,
				13D2C3822B56DEDE00E3D3B5 /* 739.DailyTemperatures */,
			);
			path = class;
			sourceTree = "<group>";
		};
		13D2C37E2B56DDDB00E3D3B5 /* 42.빗물트래핑 */ = {
			isa = PBXGroup;
			children = (
				13CB5FD12B4CFB9E00767FEA /* main.swift */,
			);
			name = "42.빗물트래핑";
			path = "42.빗물트월킹";
			sourceTree = "<group>";
		};
		13D2C37F2B56DE0400E3D3B5 /* 투포인트 */ = {
			isa = PBXGroup;
			children = (
				135D1ECB2B46F6B8006DA069 /* main.swift */,
			);
			name = "투포인트";
			path = "투포인트";
			sourceTree = "<group>";
		};
		13D2C3802B56DEC700E3D3B5 /* BrowserHistory */ = {
			isa = PBXGroup;
			children = (
				13CB5FD32B4CFB9E00767FEA /* main.swift */,
			);
			path = BrowserHistory;
			sourceTree = "<group>";
		};
		13D2C3812B56DED200E3D3B5 /* 20.ValidParentheses */ = {
			isa = PBXGroup;
			children = (
				13CB5FD52B4CFBAA00767FEA /* mian.swift */,
			);
			path = 20.ValidParentheses;
			sourceTree = "<group>";
		};
		13D2C3822B56DEDE00E3D3B5 /* 739.DailyTemperatures */ = {
			isa = PBXGroup;
			children = (
				13A189E22B5963B8001B248D /* mian.swift */,
			);
			name = 739.DailyTemperatures;
			path = 20.ValidParentheses/739.DailyTemperatures;
			sourceTree = "<group>";
		};
		13DC65C32B63FB04003D1F70 /* week4 */ = {
			isa = PBXGroup;
			children = (
				13DC65C42B63FB36003D1F70 /* 1_문자열을교대로병합 */,
				13DC65C62B63FB36003D1F70 /* 2_문자열의최대공약수 */,
				13DC65C82B63FB37003D1F70 /* 3_0움직여 */,
			);
			path = week4;
			sourceTree = "<group>";
		};
		13DC65C42B63FB36003D1F70 /* 1_문자열을교대로병합 */ = {
			isa = PBXGroup;
			children = (
				13DC65C52B63FB36003D1F70 /* main.swift */,
			);
			path = "1_문자열을교대로병합";
			sourceTree = "<group>";
		};
		13DC65C62B63FB36003D1F70 /* 2_문자열의최대공약수 */ = {
			isa = PBXGroup;
			children = (
				13DC65C72B63FB36003D1F70 /* main.swift */,
			);
			path = "2_문자열의최대공약수";
			sourceTree = "<group>";
		};
		13DC65C82B63FB37003D1F70 /* 3_0움직여 */ = {
			isa = PBXGroup;
			children = (
				13DC65C92B63FB37003D1F70 /* main.swift */,
			);
			path = "3_0움직여";
			sourceTree = "<group>";
		};
		13E4366F2B5BFEAA00760AAD /* 70.CilmbingStairs */ = {
			isa = PBXGroup;
			children = (
				13E436702B5BFEAA00760AAD /* main.swift */,
			);
			path = 70.CilmbingStairs;
			sourceTree = "<group>";
		};
/* End PBXGroup section */

/* Begin PBXNativeTarget section */
		131521692B45073700668CA0 /* minu */ = {
			isa = PBXNativeTarget;
			buildConfigurationList = 131521712B45073700668CA0 /* Build configuration list for PBXNativeTarget "minu" */;
			buildPhases = (
				131521662B45073700668CA0 /* Sources */,
				131521672B45073700668CA0 /* Frameworks */,
				131521682B45073700668CA0 /* CopyFiles */,
			);
			buildRules = (
			);
			dependencies = (
			);
			name = minu;
			productName = minu;
			productReference = 1315216A2B45073700668CA0 /* minu */;
			productType = "com.apple.product-type.tool";
		};
/* End PBXNativeTarget section */

/* Begin PBXProject section */
		131521622B45073700668CA0 /* Project object */ = {
			isa = PBXProject;
			attributes = {
				BuildIndependentTargetsInParallel = 1;
				LastSwiftUpdateCheck = 1510;
				LastUpgradeCheck = 1510;
				TargetAttributes = {
					131521692B45073700668CA0 = {
						CreatedOnToolsVersion = 15.1;
					};
				};
			};
			buildConfigurationList = 131521652B45073700668CA0 /* Build configuration list for PBXProject "minu" */;
			compatibilityVersion = "Xcode 14.0";
			developmentRegion = en;
			hasScannedForEncodings = 0;
			knownRegions = (
				en,
				Base,
			);
			mainGroup = 131521612B45073700668CA0;
			productRefGroup = 1315216B2B45073700668CA0 /* Products */;
			projectDirPath = "";
			projectRoot = "";
			targets = (
				131521692B45073700668CA0 /* minu */,
			);
		};
/* End PBXProject section */

/* Begin PBXSourcesBuildPhase section */
		131521662B45073700668CA0 /* Sources */ = {
			isa = PBXSourcesBuildPhase;
			buildActionMask = 2147483647;
			files = (
			);
			runOnlyForDeploymentPostprocessing = 0;
		};
/* End PBXSourcesBuildPhase section */

/* Begin XCBuildConfiguration section */
		1315216F2B45073700668CA0 /* Debug */ = {
			isa = XCBuildConfiguration;
			buildSettings = {
				ALWAYS_SEARCH_USER_PATHS = NO;
				ASSETCATALOG_COMPILER_GENERATE_SWIFT_ASSET_SYMBOL_EXTENSIONS = YES;
				CLANG_ANALYZER_NONNULL = YES;
				CLANG_ANALYZER_NUMBER_OBJECT_CONVERSION = YES_AGGRESSIVE;
				CLANG_CXX_LANGUAGE_STANDARD = "gnu++20";
				CLANG_ENABLE_MODULES = YES;
				CLANG_ENABLE_OBJC_ARC = YES;
				CLANG_ENABLE_OBJC_WEAK = YES;
				CLANG_WARN_BLOCK_CAPTURE_AUTORELEASING = YES;
				CLANG_WARN_BOOL_CONVERSION = YES;
				CLANG_WARN_COMMA = YES;
				CLANG_WARN_CONSTANT_CONVERSION = YES;
				CLANG_WARN_DEPRECATED_OBJC_IMPLEMENTATIONS = YES;
				CLANG_WARN_DIRECT_OBJC_ISA_USAGE = YES_ERROR;
				CLANG_WARN_DOCUMENTATION_COMMENTS = YES;
				CLANG_WARN_EMPTY_BODY = YES;
				CLANG_WARN_ENUM_CONVERSION = YES;
				CLANG_WARN_INFINITE_RECURSION = YES;
				CLANG_WARN_INT_CONVERSION = YES;
				CLANG_WARN_NON_LITERAL_NULL_CONVERSION = YES;
				CLANG_WARN_OBJC_IMPLICIT_RETAIN_SELF = YES;
				CLANG_WARN_OBJC_LITERAL_CONVERSION = YES;
				CLANG_WARN_OBJC_ROOT_CLASS = YES_ERROR;
				CLANG_WARN_QUOTED_INCLUDE_IN_FRAMEWORK_HEADER = YES;
				CLANG_WARN_RANGE_LOOP_ANALYSIS = YES;
				CLANG_WARN_STRICT_PROTOTYPES = YES;
				CLANG_WARN_SUSPICIOUS_MOVE = YES;
				CLANG_WARN_UNGUARDED_AVAILABILITY = YES_AGGRESSIVE;
				CLANG_WARN_UNREACHABLE_CODE = YES;
				CLANG_WARN__DUPLICATE_METHOD_MATCH = YES;
				COPY_PHASE_STRIP = NO;
				DEBUG_INFORMATION_FORMAT = dwarf;
				ENABLE_STRICT_OBJC_MSGSEND = YES;
				ENABLE_TESTABILITY = YES;
				ENABLE_USER_SCRIPT_SANDBOXING = YES;
				GCC_C_LANGUAGE_STANDARD = gnu17;
				GCC_DYNAMIC_NO_PIC = NO;
				GCC_NO_COMMON_BLOCKS = YES;
				GCC_OPTIMIZATION_LEVEL = 0;
				GCC_PREPROCESSOR_DEFINITIONS = (
					"DEBUG=1",
					"$(inherited)",
				);
				GCC_WARN_64_TO_32_BIT_CONVERSION = YES;
				GCC_WARN_ABOUT_RETURN_TYPE = YES_ERROR;
				GCC_WARN_UNDECLARED_SELECTOR = YES;
				GCC_WARN_UNINITIALIZED_AUTOS = YES_AGGRESSIVE;
				GCC_WARN_UNUSED_FUNCTION = YES;
				GCC_WARN_UNUSED_VARIABLE = YES;
				LOCALIZATION_PREFERS_STRING_CATALOGS = YES;
				MACOSX_DEPLOYMENT_TARGET = 14.2;
				MTL_ENABLE_DEBUG_INFO = INCLUDE_SOURCE;
				MTL_FAST_MATH = YES;
				ONLY_ACTIVE_ARCH = YES;
				SDKROOT = macosx;
				SWIFT_ACTIVE_COMPILATION_CONDITIONS = "DEBUG $(inherited)";
				SWIFT_OPTIMIZATION_LEVEL = "-Onone";
			};
			name = Debug;
		};
		131521702B45073700668CA0 /* Release */ = {
			isa = XCBuildConfiguration;
			buildSettings = {
				ALWAYS_SEARCH_USER_PATHS = NO;
				ASSETCATALOG_COMPILER_GENERATE_SWIFT_ASSET_SYMBOL_EXTENSIONS = YES;
				CLANG_ANALYZER_NONNULL = YES;
				CLANG_ANALYZER_NUMBER_OBJECT_CONVERSION = YES_AGGRESSIVE;
				CLANG_CXX_LANGUAGE_STANDARD = "gnu++20";
				CLANG_ENABLE_MODULES = YES;
				CLANG_ENABLE_OBJC_ARC = YES;
				CLANG_ENABLE_OBJC_WEAK = YES;
				CLANG_WARN_BLOCK_CAPTURE_AUTORELEASING = YES;
				CLANG_WARN_BOOL_CONVERSION = YES;
				CLANG_WARN_COMMA = YES;
				CLANG_WARN_CONSTANT_CONVERSION = YES;
				CLANG_WARN_DEPRECATED_OBJC_IMPLEMENTATIONS = YES;
				CLANG_WARN_DIRECT_OBJC_ISA_USAGE = YES_ERROR;
				CLANG_WARN_DOCUMENTATION_COMMENTS = YES;
				CLANG_WARN_EMPTY_BODY = YES;
				CLANG_WARN_ENUM_CONVERSION = YES;
				CLANG_WARN_INFINITE_RECURSION = YES;
				CLANG_WARN_INT_CONVERSION = YES;
				CLANG_WARN_NON_LITERAL_NULL_CONVERSION = YES;
				CLANG_WARN_OBJC_IMPLICIT_RETAIN_SELF = YES;
				CLANG_WARN_OBJC_LITERAL_CONVERSION = YES;
				CLANG_WARN_OBJC_ROOT_CLASS = YES_ERROR;
				CLANG_WARN_QUOTED_INCLUDE_IN_FRAMEWORK_HEADER = YES;
				CLANG_WARN_RANGE_LOOP_ANALYSIS = YES;
				CLANG_WARN_STRICT_PROTOTYPES = YES;
				CLANG_WARN_SUSPICIOUS_MOVE = YES;
				CLANG_WARN_UNGUARDED_AVAILABILITY = YES_AGGRESSIVE;
				CLANG_WARN_UNREACHABLE_CODE = YES;
				CLANG_WARN__DUPLICATE_METHOD_MATCH = YES;
				COPY_PHASE_STRIP = NO;
				DEBUG_INFORMATION_FORMAT = "dwarf-with-dsym";
				ENABLE_NS_ASSERTIONS = NO;
				ENABLE_STRICT_OBJC_MSGSEND = YES;
				ENABLE_USER_SCRIPT_SANDBOXING = YES;
				GCC_C_LANGUAGE_STANDARD = gnu17;
				GCC_NO_COMMON_BLOCKS = YES;
				GCC_WARN_64_TO_32_BIT_CONVERSION = YES;
				GCC_WARN_ABOUT_RETURN_TYPE = YES_ERROR;
				GCC_WARN_UNDECLARED_SELECTOR = YES;
				GCC_WARN_UNINITIALIZED_AUTOS = YES_AGGRESSIVE;
				GCC_WARN_UNUSED_FUNCTION = YES;
				GCC_WARN_UNUSED_VARIABLE = YES;
				LOCALIZATION_PREFERS_STRING_CATALOGS = YES;
				MACOSX_DEPLOYMENT_TARGET = 14.2;
				MTL_ENABLE_DEBUG_INFO = NO;
				MTL_FAST_MATH = YES;
				SDKROOT = macosx;
				SWIFT_COMPILATION_MODE = wholemodule;
			};
			name = Release;
		};
		131521722B45073700668CA0 /* Debug */ = {
			isa = XCBuildConfiguration;
			buildSettings = {
				CODE_SIGN_STYLE = Automatic;
				DEVELOPMENT_TEAM = V39298VT58;
				ENABLE_HARDENED_RUNTIME = YES;
				PRODUCT_NAME = "$(TARGET_NAME)";
				SWIFT_VERSION = 5.0;
			};
			name = Debug;
		};
		131521732B45073700668CA0 /* Release */ = {
			isa = XCBuildConfiguration;
			buildSettings = {
				CODE_SIGN_STYLE = Automatic;
				DEVELOPMENT_TEAM = V39298VT58;
				ENABLE_HARDENED_RUNTIME = YES;
				PRODUCT_NAME = "$(TARGET_NAME)";
				SWIFT_VERSION = 5.0;
			};
			name = Release;
		};
/* End XCBuildConfiguration section */

/* Begin XCConfigurationList section */
		131521652B45073700668CA0 /* Build configuration list for PBXProject "minu" */ = {
			isa = XCConfigurationList;
			buildConfigurations = (
				1315216F2B45073700668CA0 /* Debug */,
				131521702B45073700668CA0 /* Release */,
			);
			defaultConfigurationIsVisible = 0;
			defaultConfigurationName = Release;
		};
		131521712B45073700668CA0 /* Build configuration list for PBXNativeTarget "minu" */ = {
			isa = XCConfigurationList;
			buildConfigurations = (
				131521722B45073700668CA0 /* Debug */,
				131521732B45073700668CA0 /* Release */,
			);
			defaultConfigurationIsVisible = 0;
			defaultConfigurationName = Release;
		};
/* End XCConfigurationList section */
	};
	rootObject = 131521622B45073700668CA0 /* Project object */;
}
